// !$*UTF8*$!
{
	archiveVersion = 1;
	classes = {
	};
	objectVersion = 51;
	objects = {

/* Begin PBXBuildFile section */
		34CC68273D5C5F3F113513BD /* Pods_swiftCompanion.framework in Frameworks */ = {isa = PBXBuildFile; fileRef = E8D0F3907AE1FB17D0AE086B /* Pods_swiftCompanion.framework */; };
		55D87EE222DB3BE70035F60F /* AppDelegate.swift in Sources */ = {isa = PBXBuildFile; fileRef = 55D87EE122DB3BE70035F60F /* AppDelegate.swift */; };
		55D87EE422DB3BE70035F60F /* SearchVC.swift in Sources */ = {isa = PBXBuildFile; fileRef = 55D87EE322DB3BE70035F60F /* SearchVC.swift */; };
		55D87EE722DB3BE80035F60F /* Main.storyboard in Resources */ = {isa = PBXBuildFile; fileRef = 55D87EE522DB3BE80035F60F /* Main.storyboard */; };
		55D87EE922DB3BE90035F60F /* Assets.xcassets in Resources */ = {isa = PBXBuildFile; fileRef = 55D87EE822DB3BE90035F60F /* Assets.xcassets */; };
		55D87EEC22DB3BE90035F60F /* LaunchScreen.storyboard in Resources */ = {isa = PBXBuildFile; fileRef = 55D87EEA22DB3BE90035F60F /* LaunchScreen.storyboard */; };
		55D87EF822DB3E0C0035F60F /* User.swift in Sources */ = {isa = PBXBuildFile; fileRef = 55D87EF722DB3E0C0035F60F /* User.swift */; };
		55D87F0222DB789E0035F60F /* Extensions.swift in Sources */ = {isa = PBXBuildFile; fileRef = 55D87F0122DB789E0035F60F /* Extensions.swift */; };
		55DD727A2301A68B00DE3104 /* APIDownloader.swift in Sources */ = {isa = PBXBuildFile; fileRef = 55DD72792301A68B00DE3104 /* APIDownloader.swift */; };
		55E37A2F22DC8C9100342D9C /* Skills.swift in Sources */ = {isa = PBXBuildFile; fileRef = 55E37A2E22DC8C9100342D9C /* Skills.swift */; };
		55E37A3D22DCA03F00342D9C /* SkillCell.swift in Sources */ = {isa = PBXBuildFile; fileRef = 55E37A3B22DCA03F00342D9C /* SkillCell.swift */; };
		55E37A3E22DCA03F00342D9C /* SkillCell.xib in Resources */ = {isa = PBXBuildFile; fileRef = 55E37A3C22DCA03F00342D9C /* SkillCell.xib */; };
		55E37A4222DCACE400342D9C /* ProjectCell.swift in Sources */ = {isa = PBXBuildFile; fileRef = 55E37A4022DCACE400342D9C /* ProjectCell.swift */; };
		55E37A4322DCACE400342D9C /* ProjectCell.xib in Resources */ = {isa = PBXBuildFile; fileRef = 55E37A4122DCACE400342D9C /* ProjectCell.xib */; };
		55E37A4522DCB26700342D9C /* Project.swift in Sources */ = {isa = PBXBuildFile; fileRef = 55E37A4422DCB26700342D9C /* Project.swift */; };
		55F170B72304544400EA20AE /* LocalData.swift in Sources */ = {isa = PBXBuildFile; fileRef = 55F170B62304544400EA20AE /* LocalData.swift */; };
		5E3D13A722FE1383009BCA77 /* UserVC.swift in Sources */ = {isa = PBXBuildFile; fileRef = 5E3D13A622FE1383009BCA77 /* UserVC.swift */; };
		5E3D13AC22FE184A009BCA77 /* ProfileCell.swift in Sources */ = {isa = PBXBuildFile; fileRef = 5E3D13AA22FE184A009BCA77 /* ProfileCell.swift */; };
		5E3D13AD22FE184A009BCA77 /* ProfileCell.xib in Resources */ = {isa = PBXBuildFile; fileRef = 5E3D13AB22FE184A009BCA77 /* ProfileCell.xib */; };
		5E61F0BD22FEC9FA0059103C /* RoundedView.swift in Sources */ = {isa = PBXBuildFile; fileRef = 5E61F0BC22FEC9FA0059103C /* RoundedView.swift */; };
		5E61F0C522FEDD3A0059103C /* SectionCell.swift in Sources */ = {isa = PBXBuildFile; fileRef = 5E61F0C322FEDD390059103C /* SectionCell.swift */; };
		5E61F0C622FEDD3A0059103C /* SectionCell.xib in Resources */ = {isa = PBXBuildFile; fileRef = 5E61F0C422FEDD390059103C /* SectionCell.xib */; };
/* End PBXBuildFile section */

/* Begin PBXFileReference section */
		55D87EDE22DB3BE70035F60F /* swiftCompanion.app */ = {isa = PBXFileReference; explicitFileType = wrapper.application; includeInIndex = 0; path = swiftCompanion.app; sourceTree = BUILT_PRODUCTS_DIR; };
		55D87EE122DB3BE70035F60F /* AppDelegate.swift */ = {isa = PBXFileReference; lastKnownFileType = sourcecode.swift; path = AppDelegate.swift; sourceTree = "<group>"; };
		55D87EE322DB3BE70035F60F /* SearchVC.swift */ = {isa = PBXFileReference; lastKnownFileType = sourcecode.swift; path = SearchVC.swift; sourceTree = "<group>"; };
		55D87EE622DB3BE80035F60F /* Base */ = {isa = PBXFileReference; lastKnownFileType = file.storyboard; name = Base; path = Base.lproj/Main.storyboard; sourceTree = "<group>"; };
		55D87EE822DB3BE90035F60F /* Assets.xcassets */ = {isa = PBXFileReference; lastKnownFileType = folder.assetcatalog; path = Assets.xcassets; sourceTree = "<group>"; };
		55D87EEB22DB3BE90035F60F /* Base */ = {isa = PBXFileReference; lastKnownFileType = file.storyboard; name = Base; path = Base.lproj/LaunchScreen.storyboard; sourceTree = "<group>"; };
		55D87EED22DB3BE90035F60F /* Info.plist */ = {isa = PBXFileReference; lastKnownFileType = text.plist.xml; path = Info.plist; sourceTree = "<group>"; };
		55D87EF722DB3E0C0035F60F /* User.swift */ = {isa = PBXFileReference; lastKnownFileType = sourcecode.swift; path = User.swift; sourceTree = "<group>"; };
		55D87F0122DB789E0035F60F /* Extensions.swift */ = {isa = PBXFileReference; lastKnownFileType = sourcecode.swift; path = Extensions.swift; sourceTree = "<group>"; };
		55DD72792301A68B00DE3104 /* APIDownloader.swift */ = {isa = PBXFileReference; fileEncoding = 4; lastKnownFileType = sourcecode.swift; path = APIDownloader.swift; sourceTree = "<group>"; };
		55E37A2E22DC8C9100342D9C /* Skills.swift */ = {isa = PBXFileReference; lastKnownFileType = sourcecode.swift; path = Skills.swift; sourceTree = "<group>"; };
		55E37A3B22DCA03F00342D9C /* SkillCell.swift */ = {isa = PBXFileReference; lastKnownFileType = sourcecode.swift; path = SkillCell.swift; sourceTree = "<group>"; };
		55E37A3C22DCA03F00342D9C /* SkillCell.xib */ = {isa = PBXFileReference; lastKnownFileType = file.xib; path = SkillCell.xib; sourceTree = "<group>"; };
		55E37A4022DCACE400342D9C /* ProjectCell.swift */ = {isa = PBXFileReference; lastKnownFileType = sourcecode.swift; path = ProjectCell.swift; sourceTree = "<group>"; };
		55E37A4122DCACE400342D9C /* ProjectCell.xib */ = {isa = PBXFileReference; lastKnownFileType = file.xib; path = ProjectCell.xib; sourceTree = "<group>"; };
		55E37A4422DCB26700342D9C /* Project.swift */ = {isa = PBXFileReference; lastKnownFileType = sourcecode.swift; path = Project.swift; sourceTree = "<group>"; };
		55F170B62304544400EA20AE /* LocalData.swift */ = {isa = PBXFileReference; lastKnownFileType = sourcecode.swift; path = LocalData.swift; sourceTree = "<group>"; };
		5E3D13A622FE1383009BCA77 /* UserVC.swift */ = {isa = PBXFileReference; lastKnownFileType = sourcecode.swift; path = UserVC.swift; sourceTree = "<group>"; };
		5E3D13AA22FE184A009BCA77 /* ProfileCell.swift */ = {isa = PBXFileReference; lastKnownFileType = sourcecode.swift; path = ProfileCell.swift; sourceTree = "<group>"; };
		5E3D13AB22FE184A009BCA77 /* ProfileCell.xib */ = {isa = PBXFileReference; lastKnownFileType = file.xib; path = ProfileCell.xib; sourceTree = "<group>"; };
		5E61F0BC22FEC9FA0059103C /* RoundedView.swift */ = {isa = PBXFileReference; lastKnownFileType = sourcecode.swift; name = RoundedView.swift; path = swiftCompanion/View/RoundedView/RoundedView.swift; sourceTree = SOURCE_ROOT; };
		5E61F0C322FEDD390059103C /* SectionCell.swift */ = {isa = PBXFileReference; lastKnownFileType = sourcecode.swift; path = SectionCell.swift; sourceTree = "<group>"; };
		5E61F0C422FEDD390059103C /* SectionCell.xib */ = {isa = PBXFileReference; lastKnownFileType = file.xib; path = SectionCell.xib; sourceTree = "<group>"; };
		8CBF8916C3AF4AAA58D0C3EC /* Pods-swiftCompanion.release.xcconfig */ = {isa = PBXFileReference; includeInIndex = 1; lastKnownFileType = text.xcconfig; name = "Pods-swiftCompanion.release.xcconfig"; path = "Target Support Files/Pods-swiftCompanion/Pods-swiftCompanion.release.xcconfig"; sourceTree = "<group>"; };
		E866D23F0E4804184B4D4D17 /* Pods-swiftCompanion.debug.xcconfig */ = {isa = PBXFileReference; includeInIndex = 1; lastKnownFileType = text.xcconfig; name = "Pods-swiftCompanion.debug.xcconfig"; path = "Target Support Files/Pods-swiftCompanion/Pods-swiftCompanion.debug.xcconfig"; sourceTree = "<group>"; };
		E8D0F3907AE1FB17D0AE086B /* Pods_swiftCompanion.framework */ = {isa = PBXFileReference; explicitFileType = wrapper.framework; includeInIndex = 0; path = Pods_swiftCompanion.framework; sourceTree = BUILT_PRODUCTS_DIR; };
/* End PBXFileReference section */

/* Begin PBXFrameworksBuildPhase section */
		55D87EDB22DB3BE70035F60F /* Frameworks */ = {
			isa = PBXFrameworksBuildPhase;
			buildActionMask = 2147483647;
			files = (
				34CC68273D5C5F3F113513BD /* Pods_swiftCompanion.framework in Frameworks */,
			);
			runOnlyForDeploymentPostprocessing = 0;
		};
/* End PBXFrameworksBuildPhase section */

/* Begin PBXGroup section */
		1F7B8DA9EBF04C2EC117F6DC /* Frameworks */ = {
			isa = PBXGroup;
			children = (
				E8D0F3907AE1FB17D0AE086B /* Pods_swiftCompanion.framework */,
			);
			name = Frameworks;
			sourceTree = "<group>";
		};
		55D87ED522DB3BE70035F60F = {
			isa = PBXGroup;
			children = (
				55D87EE022DB3BE70035F60F /* swiftCompanion */,
				55D87EDF22DB3BE70035F60F /* Products */,
				DD4A7CC93BD1CB9BF4BE088D /* Pods */,
				1F7B8DA9EBF04C2EC117F6DC /* Frameworks */,
			);
			sourceTree = "<group>";
		};
		55D87EDF22DB3BE70035F60F /* Products */ = {
			isa = PBXGroup;
			children = (
				55D87EDE22DB3BE70035F60F /* swiftCompanion.app */,
			);
			name = Products;
			sourceTree = "<group>";
		};
		55D87EE022DB3BE70035F60F /* swiftCompanion */ = {
			isa = PBXGroup;
			children = (
				55D87EF622DB3E020035F60F /* Model */,
				55D87EF322DB3DE70035F60F /* View */,
				55D87EF522DB3DF70035F60F /* Controller */,
				55D87F0022DB68D10035F60F /* Extensions */,
				55D87EE822DB3BE90035F60F /* Assets.xcassets */,
				55D87EE122DB3BE70035F60F /* AppDelegate.swift */,
				55D87EED22DB3BE90035F60F /* Info.plist */,
			);
			path = swiftCompanion;
			sourceTree = "<group>";
		};
		55D87EF322DB3DE70035F60F /* View */ = {
			isa = PBXGroup;
			children = (
				5E61F0C722FEDD4C0059103C /* RoundedView */,
				55E37A3922DCA00D00342D9C /* Cells */,
				55D87EE522DB3BE80035F60F /* Main.storyboard */,
				55D87EEA22DB3BE90035F60F /* LaunchScreen.storyboard */,
			);
			path = View;
			sourceTree = "<group>";
		};
		55D87EF522DB3DF70035F60F /* Controller */ = {
			isa = PBXGroup;
			children = (
				55D87EE322DB3BE70035F60F /* SearchVC.swift */,
				5E3D13A622FE1383009BCA77 /* UserVC.swift */,
			);
			path = Controller;
			sourceTree = "<group>";
		};
		55D87EF622DB3E020035F60F /* Model */ = {
			isa = PBXGroup;
			children = (
				55DD72792301A68B00DE3104 /* APIDownloader.swift */,
				55E37A4422DCB26700342D9C /* Project.swift */,
				55E37A2E22DC8C9100342D9C /* Skills.swift */,
				55D87EF722DB3E0C0035F60F /* User.swift */,
				55F170B62304544400EA20AE /* LocalData.swift */,
			);
			path = Model;
			sourceTree = "<group>";
		};
		55D87F0022DB68D10035F60F /* Extensions */ = {
			isa = PBXGroup;
			children = (
				55D87F0122DB789E0035F60F /* Extensions.swift */,
			);
			path = Extensions;
			sourceTree = "<group>";
		};
		55E37A3922DCA00D00342D9C /* Cells */ = {
			isa = PBXGroup;
			children = (
				5E61F0C222FEDCE00059103C /* SectionCell */,
				5E3D13A922FE1825009BCA77 /* ProfileCell */,
				55E37A3F22DCACCC00342D9C /* ProjectCell */,
				55E37A3A22DCA01300342D9C /* SkillCell */,
			);
			path = Cells;
			sourceTree = "<group>";
		};
		55E37A3A22DCA01300342D9C /* SkillCell */ = {
			isa = PBXGroup;
			children = (
				55E37A3B22DCA03F00342D9C /* SkillCell.swift */,
				55E37A3C22DCA03F00342D9C /* SkillCell.xib */,
			);
			path = SkillCell;
			sourceTree = "<group>";
		};
		55E37A3F22DCACCC00342D9C /* ProjectCell */ = {
			isa = PBXGroup;
			children = (
				55E37A4022DCACE400342D9C /* ProjectCell.swift */,
				55E37A4122DCACE400342D9C /* ProjectCell.xib */,
			);
			path = ProjectCell;
			sourceTree = "<group>";
		};
		5E3D13A922FE1825009BCA77 /* ProfileCell */ = {
			isa = PBXGroup;
			children = (
				5E3D13AA22FE184A009BCA77 /* ProfileCell.swift */,
				5E3D13AB22FE184A009BCA77 /* ProfileCell.xib */,
			);
			path = ProfileCell;
			sourceTree = "<group>";
		};
		5E61F0C222FEDCE00059103C /* SectionCell */ = {
			isa = PBXGroup;
			children = (
				5E61F0C322FEDD390059103C /* SectionCell.swift */,
				5E61F0C422FEDD390059103C /* SectionCell.xib */,
			);
			path = SectionCell;
			sourceTree = "<group>";
		};
		5E61F0C722FEDD4C0059103C /* RoundedView */ = {
			isa = PBXGroup;
			children = (
				5E61F0BC22FEC9FA0059103C /* RoundedView.swift */,
			);
			path = RoundedView;
			sourceTree = "<group>";
		};
		DD4A7CC93BD1CB9BF4BE088D /* Pods */ = {
			isa = PBXGroup;
			children = (
				E866D23F0E4804184B4D4D17 /* Pods-swiftCompanion.debug.xcconfig */,
				8CBF8916C3AF4AAA58D0C3EC /* Pods-swiftCompanion.release.xcconfig */,
			);
			path = Pods;
			sourceTree = "<group>";
		};
/* End PBXGroup section */

/* Begin PBXNativeTarget section */
		55D87EDD22DB3BE70035F60F /* swiftCompanion */ = {
			isa = PBXNativeTarget;
			buildConfigurationList = 55D87EF022DB3BE90035F60F /* Build configuration list for PBXNativeTarget "swiftCompanion" */;
			buildPhases = (
				248AC010BCE377620F1246B2 /* [CP] Check Pods Manifest.lock */,
				55D87EDA22DB3BE70035F60F /* Sources */,
				55D87EDB22DB3BE70035F60F /* Frameworks */,
				55D87EDC22DB3BE70035F60F /* Resources */,
				53C820C66C594E71C1BB1360 /* [CP] Embed Pods Frameworks */,
			);
			buildRules = (
			);
			dependencies = (
			);
			name = swiftCompanion;
			productName = swiftCompanion;
			productReference = 55D87EDE22DB3BE70035F60F /* swiftCompanion.app */;
			productType = "com.apple.product-type.application";
		};
/* End PBXNativeTarget section */

/* Begin PBXProject section */
		55D87ED622DB3BE70035F60F /* Project object */ = {
			isa = PBXProject;
			attributes = {
				LastSwiftUpdateCheck = 1020;
				LastUpgradeCheck = 1020;
				ORGANIZATIONNAME = "Daniil KOZYR";
				TargetAttributes = {
					55D87EDD22DB3BE70035F60F = {
						CreatedOnToolsVersion = 10.2.1;
					};
				};
			};
			buildConfigurationList = 55D87ED922DB3BE70035F60F /* Build configuration list for PBXProject "swiftCompanion" */;
			compatibilityVersion = "Xcode 9.3";
			developmentRegion = en;
			hasScannedForEncodings = 0;
			knownRegions = (
				en,
				Base,
			);
			mainGroup = 55D87ED522DB3BE70035F60F;
			productRefGroup = 55D87EDF22DB3BE70035F60F /* Products */;
			projectDirPath = "";
			projectRoot = "";
			targets = (
				55D87EDD22DB3BE70035F60F /* swiftCompanion */,
			);
		};
/* End PBXProject section */

/* Begin PBXResourcesBuildPhase section */
		55D87EDC22DB3BE70035F60F /* Resources */ = {
			isa = PBXResourcesBuildPhase;
			buildActionMask = 2147483647;
			files = (
				55D87EEC22DB3BE90035F60F /* LaunchScreen.storyboard in Resources */,
				55E37A3E22DCA03F00342D9C /* SkillCell.xib in Resources */,
				55D87EE922DB3BE90035F60F /* Assets.xcassets in Resources */,
				5E3D13AD22FE184A009BCA77 /* ProfileCell.xib in Resources */,
				55E37A4322DCACE400342D9C /* ProjectCell.xib in Resources */,
				55D87EE722DB3BE80035F60F /* Main.storyboard in Resources */,
				5E61F0C622FEDD3A0059103C /* SectionCell.xib in Resources */,
			);
			runOnlyForDeploymentPostprocessing = 0;
		};
/* End PBXResourcesBuildPhase section */

/* Begin PBXShellScriptBuildPhase section */
		248AC010BCE377620F1246B2 /* [CP] Check Pods Manifest.lock */ = {
			isa = PBXShellScriptBuildPhase;
			buildActionMask = 2147483647;
			files = (
			);
			inputFileListPaths = (
			);
			inputPaths = (
				"${PODS_PODFILE_DIR_PATH}/Podfile.lock",
				"${PODS_ROOT}/Manifest.lock",
			);
			name = "[CP] Check Pods Manifest.lock";
			outputFileListPaths = (
			);
			outputPaths = (
				"$(DERIVED_FILE_DIR)/Pods-swiftCompanion-checkManifestLockResult.txt",
			);
			runOnlyForDeploymentPostprocessing = 0;
			shellPath = /bin/sh;
			shellScript = "diff \"${PODS_PODFILE_DIR_PATH}/Podfile.lock\" \"${PODS_ROOT}/Manifest.lock\" > /dev/null\nif [ $? != 0 ] ; then\n    # print error to STDERR\n    echo \"error: The sandbox is not in sync with the Podfile.lock. Run 'pod install' or update your CocoaPods installation.\" >&2\n    exit 1\nfi\n# This output is used by Xcode 'outputs' to avoid re-running this script phase.\necho \"SUCCESS\" > \"${SCRIPT_OUTPUT_FILE_0}\"\n";
			showEnvVarsInLog = 0;
		};
		53C820C66C594E71C1BB1360 /* [CP] Embed Pods Frameworks */ = {
			isa = PBXShellScriptBuildPhase;
			buildActionMask = 2147483647;
			files = (
			);
			inputFileListPaths = (
				"${PODS_ROOT}/Target Support Files/Pods-swiftCompanion/Pods-swiftCompanion-frameworks-${CONFIGURATION}-input-files.xcfilelist",
			);
			name = "[CP] Embed Pods Frameworks";
			outputFileListPaths = (
				"${PODS_ROOT}/Target Support Files/Pods-swiftCompanion/Pods-swiftCompanion-frameworks-${CONFIGURATION}-output-files.xcfilelist",
			);
			runOnlyForDeploymentPostprocessing = 0;
			shellPath = /bin/sh;
			shellScript = "\"${PODS_ROOT}/Target Support Files/Pods-swiftCompanion/Pods-swiftCompanion-frameworks.sh\"\n";
			showEnvVarsInLog = 0;
		};
/* End PBXShellScriptBuildPhase section */

/* Begin PBXSourcesBuildPhase section */
		55D87EDA22DB3BE70035F60F /* Sources */ = {
			isa = PBXSourcesBuildPhase;
			buildActionMask = 2147483647;
			files = (
				5E3D13AC22FE184A009BCA77 /* ProfileCell.swift in Sources */,
				55D87F0222DB789E0035F60F /* Extensions.swift in Sources */,
				5E61F0BD22FEC9FA0059103C /* RoundedView.swift in Sources */,
				55DD727A2301A68B00DE3104 /* APIDownloader.swift in Sources */,
				5E61F0C522FEDD3A0059103C /* SectionCell.swift in Sources */,
				55E37A2F22DC8C9100342D9C /* Skills.swift in Sources */,
				55F170B72304544400EA20AE /* LocalData.swift in Sources */,
				55E37A3D22DCA03F00342D9C /* SkillCell.swift in Sources */,
				55E37A4222DCACE400342D9C /* ProjectCell.swift in Sources */,
				55D87EE422DB3BE70035F60F /* SearchVC.swift in Sources */,
				5E3D13A722FE1383009BCA77 /* UserVC.swift in Sources */,
				55D87EF822DB3E0C0035F60F /* User.swift in Sources */,
				55D87EE222DB3BE70035F60F /* AppDelegate.swift in Sources */,
				55E37A4522DCB26700342D9C /* Project.swift in Sources */,
			);
			runOnlyForDeploymentPostprocessing = 0;
		};
/* End PBXSourcesBuildPhase section */

/* Begin PBXVariantGroup section */
		55D87EE522DB3BE80035F60F /* Main.storyboard */ = {
			isa = PBXVariantGroup;
			children = (
				55D87EE622DB3BE80035F60F /* Base */,
			);
			name = Main.storyboard;
			sourceTree = "<group>";
		};
		55D87EEA22DB3BE90035F60F /* LaunchScreen.storyboard */ = {
			isa = PBXVariantGroup;
			children = (
				55D87EEB22DB3BE90035F60F /* Base */,
			);
			name = LaunchScreen.storyboard;
			sourceTree = "<group>";
		};
/* End PBXVariantGroup section */

/* Begin XCBuildConfiguration section */
		55D87EEE22DB3BE90035F60F /* Debug */ = {
			isa = XCBuildConfiguration;
			buildSettings = {
				ALWAYS_SEARCH_USER_PATHS = NO;
				CLANG_ANALYZER_NONNULL = YES;
				CLANG_ANALYZER_NUMBER_OBJECT_CONVERSION = YES_AGGRESSIVE;
				CLANG_CXX_LANGUAGE_STANDARD = "gnu++14";
				CLANG_CXX_LIBRARY = "libc++";
				CLANG_ENABLE_MODULES = YES;
				CLANG_ENABLE_OBJC_ARC = YES;
				CLANG_ENABLE_OBJC_WEAK = YES;
				CLANG_WARN_BLOCK_CAPTURE_AUTORELEASING = YES;
				CLANG_WARN_BOOL_CONVERSION = YES;
				CLANG_WARN_COMMA = YES;
				CLANG_WARN_CONSTANT_CONVERSION = YES;
				CLANG_WARN_DEPRECATED_OBJC_IMPLEMENTATIONS = YES;
				CLANG_WARN_DIRECT_OBJC_ISA_USAGE = YES_ERROR;
				CLANG_WARN_DOCUMENTATION_COMMENTS = YES;
				CLANG_WARN_EMPTY_BODY = YES;
				CLANG_WARN_ENUM_CONVERSION = YES;
				CLANG_WARN_INFINITE_RECURSION = YES;
				CLANG_WARN_INT_CONVERSION = YES;
				CLANG_WARN_NON_LITERAL_NULL_CONVERSION = YES;
				CLANG_WARN_OBJC_IMPLICIT_RETAIN_SELF = YES;
				CLANG_WARN_OBJC_LITERAL_CONVERSION = YES;
				CLANG_WARN_OBJC_ROOT_CLASS = YES_ERROR;
				CLANG_WARN_RANGE_LOOP_ANALYSIS = YES;
				CLANG_WARN_STRICT_PROTOTYPES = YES;
				CLANG_WARN_SUSPICIOUS_MOVE = YES;
				CLANG_WARN_UNGUARDED_AVAILABILITY = YES_AGGRESSIVE;
				CLANG_WARN_UNREACHABLE_CODE = YES;
				CLANG_WARN__DUPLICATE_METHOD_MATCH = YES;
				CODE_SIGN_IDENTITY = "iPhone Developer";
				COPY_PHASE_STRIP = NO;
				DEBUG_INFORMATION_FORMAT = dwarf;
				ENABLE_STRICT_OBJC_MSGSEND = YES;
				ENABLE_TESTABILITY = YES;
				GCC_C_LANGUAGE_STANDARD = gnu11;
				GCC_DYNAMIC_NO_PIC = NO;
				GCC_NO_COMMON_BLOCKS = YES;
				GCC_OPTIMIZATION_LEVEL = 0;
				GCC_PREPROCESSOR_DEFINITIONS = (
					"DEBUG=1",
					"$(inherited)",
				);
				GCC_WARN_64_TO_32_BIT_CONVERSION = YES;
				GCC_WARN_ABOUT_RETURN_TYPE = YES_ERROR;
				GCC_WARN_UNDECLARED_SELECTOR = YES;
				GCC_WARN_UNINITIALIZED_AUTOS = YES_AGGRESSIVE;
				GCC_WARN_UNUSED_FUNCTION = YES;
				GCC_WARN_UNUSED_VARIABLE = YES;
				IPHONEOS_DEPLOYMENT_TARGET = 12.2;
				MTL_ENABLE_DEBUG_INFO = INCLUDE_SOURCE;
				MTL_FAST_MATH = YES;
				ONLY_ACTIVE_ARCH = YES;
				SDKROOT = iphoneos;
				SWIFT_ACTIVE_COMPILATION_CONDITIONS = DEBUG;
				SWIFT_OPTIMIZATION_LEVEL = "-Onone";
			};
			name = Debug;
		};
		55D87EEF22DB3BE90035F60F /* Release */ = {
			isa = XCBuildConfiguration;
			buildSettings = {
				ALWAYS_SEARCH_USER_PATHS = NO;
				CLANG_ANALYZER_NONNULL = YES;
				CLANG_ANALYZER_NUMBER_OBJECT_CONVERSION = YES_AGGRESSIVE;
				CLANG_CXX_LANGUAGE_STANDARD = "gnu++14";
				CLANG_CXX_LIBRARY = "libc++";
				CLANG_ENABLE_MODULES = YES;
				CLANG_ENABLE_OBJC_ARC = YES;
				CLANG_ENABLE_OBJC_WEAK = YES;
				CLANG_WARN_BLOCK_CAPTURE_AUTORELEASING = YES;
				CLANG_WARN_BOOL_CONVERSION = YES;
				CLANG_WARN_COMMA = YES;
				CLANG_WARN_CONSTANT_CONVERSION = YES;
				CLANG_WARN_DEPRECATED_OBJC_IMPLEMENTATIONS = YES;
				CLANG_WARN_DIRECT_OBJC_ISA_USAGE = YES_ERROR;
				CLANG_WARN_DOCUMENTATION_COMMENTS = YES;
				CLANG_WARN_EMPTY_BODY = YES;
				CLANG_WARN_ENUM_CONVERSION = YES;
				CLANG_WARN_INFINITE_RECURSION = YES;
				CLANG_WARN_INT_CONVERSION = YES;
				CLANG_WARN_NON_LITERAL_NULL_CONVERSION = YES;
				CLANG_WARN_OBJC_IMPLICIT_RETAIN_SELF = YES;
				CLANG_WARN_OBJC_LITERAL_CONVERSION = YES;
				CLANG_WARN_OBJC_ROOT_CLASS = YES_ERROR;
				CLANG_WARN_RANGE_LOOP_ANALYSIS = YES;
				CLANG_WARN_STRICT_PROTOTYPES = YES;
				CLANG_WARN_SUSPICIOUS_MOVE = YES;
				CLANG_WARN_UNGUARDED_AVAILABILITY = YES_AGGRESSIVE;
				CLANG_WARN_UNREACHABLE_CODE = YES;
				CLANG_WARN__DUPLICATE_METHOD_MATCH = YES;
				CODE_SIGN_IDENTITY = "iPhone Developer";
				COPY_PHASE_STRIP = NO;
				DEBUG_INFORMATION_FORMAT = "dwarf-with-dsym";
				ENABLE_NS_ASSERTIONS = NO;
				ENABLE_STRICT_OBJC_MSGSEND = YES;
				GCC_C_LANGUAGE_STANDARD = gnu11;
				GCC_NO_COMMON_BLOCKS = YES;
				GCC_WARN_64_TO_32_BIT_CONVERSION = YES;
				GCC_WARN_ABOUT_RETURN_TYPE = YES_ERROR;
				GCC_WARN_UNDECLARED_SELECTOR = YES;
				GCC_WARN_UNINITIALIZED_AUTOS = YES_AGGRESSIVE;
				GCC_WARN_UNUSED_FUNCTION = YES;
				GCC_WARN_UNUSED_VARIABLE = YES;
				IPHONEOS_DEPLOYMENT_TARGET = 12.2;
				MTL_ENABLE_DEBUG_INFO = NO;
				MTL_FAST_MATH = YES;
				SDKROOT = iphoneos;
				SWIFT_COMPILATION_MODE = wholemodule;
				SWIFT_OPTIMIZATION_LEVEL = "-O";
				VALIDATE_PRODUCT = YES;
			};
			name = Release;
		};
		55D87EF122DB3BE90035F60F /* Debug */ = {
			isa = XCBuildConfiguration;
			baseConfigurationReference = E866D23F0E4804184B4D4D17 /* Pods-swiftCompanion.debug.xcconfig */;
			buildSettings = {
				ASSETCATALOG_COMPILER_APPICON_NAME = AppIcon;
				CODE_SIGN_STYLE = Automatic;
				DEVELOPMENT_TEAM = 8TWS8D7QH8;
				INFOPLIST_FILE = swiftCompanion/Info.plist;
				LD_RUNPATH_SEARCH_PATHS = (
					"$(inherited)",
					"@executable_path/Frameworks",
				);
				PRODUCT_BUNDLE_IDENTIFIER = dkozyr.swiftCompanion;
				PRODUCT_NAME = "$(TARGET_NAME)";
				SWIFT_VERSION = 5.0;
				TARGETED_DEVICE_FAMILY = "1,2";
			};
			name = Debug;
		};
		55D87EF222DB3BE90035F60F /* Release */ = {
			isa = XCBuildConfiguration;
			baseConfigurationReference = 8CBF8916C3AF4AAA58D0C3EC /* Pods-swiftCompanion.release.xcconfig */;
			buildSettings = {
				ASSETCATALOG_COMPILER_APPICON_NAME = AppIcon;
				CODE_SIGN_STYLE = Automatic;
				DEVELOPMENT_TEAM = 8TWS8D7QH8;
				INFOPLIST_FILE = swiftCompanion/Info.plist;
				LD_RUNPATH_SEARCH_PATHS = (
					"$(inherited)",
					"@executable_path/Frameworks",
				);
				PRODUCT_BUNDLE_IDENTIFIER = dkozyr.swiftCompanion;
				PRODUCT_NAME = "$(TARGET_NAME)";
				SWIFT_VERSION = 5.0;
				TARGETED_DEVICE_FAMILY = "1,2";
			};
			name = Release;
		};
/* End XCBuildConfiguration section */

/* Begin XCConfigurationList section */
		55D87ED922DB3BE70035F60F /* Build configuration list for PBXProject "swiftCompanion" */ = {
			isa = XCConfigurationList;
			buildConfigurations = (
				55D87EEE22DB3BE90035F60F /* Debug */,
				55D87EEF22DB3BE90035F60F /* Release */,
			);
			defaultConfigurationIsVisible = 0;
			defaultConfigurationName = Release;
		};
		55D87EF022DB3BE90035F60F /* Build configuration list for PBXNativeTarget "swiftCompanion" */ = {
			isa = XCConfigurationList;
			buildConfigurations = (
				55D87EF122DB3BE90035F60F /* Debug */,
				55D87EF222DB3BE90035F60F /* Release */,
			);
			defaultConfigurationIsVisible = 0;
			defaultConfigurationName = Release;
		};
/* End XCConfigurationList section */
	};
	rootObject = 55D87ED622DB3BE70035F60F /* Project object */;
}
